// !$*UTF8*$!
{
	archiveVersion = 1;
	classes = {
	};
	objectVersion = 46;
	objects = {

/* Begin PBXBuildFile section */
		5827057EF31A3930209218B9 /* Pods_SideMenuControllerDemo.framework in Frameworks */ = {isa = PBXBuildFile; fileRef = 4E2A81B6B6407F2B0A035875 /* Pods_SideMenuControllerDemo.framework */; };
		D51E48B51E155354002D1B9F /* AppDelegate.swift in Sources */ = {isa = PBXBuildFile; fileRef = D51E48B41E155354002D1B9F /* AppDelegate.swift */; };
		D51E48B71E155354002D1B9F /* ViewController.swift in Sources */ = {isa = PBXBuildFile; fileRef = D51E48B61E155354002D1B9F /* ViewController.swift */; };
		D51E48BA1E155354002D1B9F /* Main.storyboard in Resources */ = {isa = PBXBuildFile; fileRef = D51E48B81E155354002D1B9F /* Main.storyboard */; };
		D51E48BC1E155354002D1B9F /* Assets.xcassets in Resources */ = {isa = PBXBuildFile; fileRef = D51E48BB1E155354002D1B9F /* Assets.xcassets */; };
		D51E48BF1E155354002D1B9F /* LaunchScreen.storyboard in Resources */ = {isa = PBXBuildFile; fileRef = D51E48BD1E155354002D1B9F /* LaunchScreen.storyboard */; };
/* End PBXBuildFile section */

/* Begin PBXFileReference section */
		4E2A81B6B6407F2B0A035875 /* Pods_SideMenuControllerDemo.framework */ = {isa = PBXFileReference; explicitFileType = wrapper.framework; includeInIndex = 0; path = Pods_SideMenuControllerDemo.framework; sourceTree = BUILT_PRODUCTS_DIR; };
		5E4D3FEACC26871200C5A60B /* Pods-SideMenuControllerDemo.release.xcconfig */ = {isa = PBXFileReference; includeInIndex = 1; lastKnownFileType = text.xcconfig; name = "Pods-SideMenuControllerDemo.release.xcconfig"; path = "Pods/Target Support Files/Pods-SideMenuControllerDemo/Pods-SideMenuControllerDemo.release.xcconfig"; sourceTree = "<group>"; };
		8C66A085DC2A49750C9CB203 /* Pods-SideMenuControllerDemo.debug.xcconfig */ = {isa = PBXFileReference; includeInIndex = 1; lastKnownFileType = text.xcconfig; name = "Pods-SideMenuControllerDemo.debug.xcconfig"; path = "Pods/Target Support Files/Pods-SideMenuControllerDemo/Pods-SideMenuControllerDemo.debug.xcconfig"; sourceTree = "<group>"; };
		D51E48B11E155354002D1B9F /* SideMenuControllerDemo.app */ = {isa = PBXFileReference; explicitFileType = wrapper.application; includeInIndex = 0; path = SideMenuControllerDemo.app; sourceTree = BUILT_PRODUCTS_DIR; };
		D51E48B41E155354002D1B9F /* AppDelegate.swift */ = {isa = PBXFileReference; lastKnownFileType = sourcecode.swift; path = AppDelegate.swift; sourceTree = "<group>"; };
		D51E48B61E155354002D1B9F /* ViewController.swift */ = {isa = PBXFileReference; lastKnownFileType = sourcecode.swift; path = ViewController.swift; sourceTree = "<group>"; };
		D51E48B91E155354002D1B9F /* Base */ = {isa = PBXFileReference; lastKnownFileType = file.storyboard; name = Base; path = Base.lproj/Main.storyboard; sourceTree = "<group>"; };
		D51E48BB1E155354002D1B9F /* Assets.xcassets */ = {isa = PBXFileReference; lastKnownFileType = folder.assetcatalog; path = Assets.xcassets; sourceTree = "<group>"; };
		D51E48BE1E155354002D1B9F /* Base */ = {isa = PBXFileReference; lastKnownFileType = file.storyboard; name = Base; path = Base.lproj/LaunchScreen.storyboard; sourceTree = "<group>"; };
		D51E48C01E155354002D1B9F /* Info.plist */ = {isa = PBXFileReference; lastKnownFileType = text.plist.xml; path = Info.plist; sourceTree = "<group>"; };
/* End PBXFileReference section */

/* Begin PBXFrameworksBuildPhase section */
		D51E48AE1E155354002D1B9F /* Frameworks */ = {
			isa = PBXFrameworksBuildPhase;
			buildActionMask = 2147483647;
			files = (
				5827057EF31A3930209218B9 /* Pods_SideMenuControllerDemo.framework in Frameworks */,
			);
			runOnlyForDeploymentPostprocessing = 0;
		};
/* End PBXFrameworksBuildPhase section */

/* Begin PBXGroup section */
		04CBB88590BCB0842DC0CBDF /* Frameworks */ = {
			isa = PBXGroup;
			children = (
				4E2A81B6B6407F2B0A035875 /* Pods_SideMenuControllerDemo.framework */,
			);
			name = Frameworks;
			sourceTree = "<group>";
		};
		B95801D1AD8CC61093C5543C /* Pods */ = {
			isa = PBXGroup;
			children = (
				8C66A085DC2A49750C9CB203 /* Pods-SideMenuControllerDemo.debug.xcconfig */,
				5E4D3FEACC26871200C5A60B /* Pods-SideMenuControllerDemo.release.xcconfig */,
			);
			name = Pods;
			sourceTree = "<group>";
		};
		D51E48A81E155354002D1B9F = {
			isa = PBXGroup;
			children = (
				D51E48B31E155354002D1B9F /* SideMenuControllerDemo */,
				D51E48B21E155354002D1B9F /* Products */,
				B95801D1AD8CC61093C5543C /* Pods */,
				04CBB88590BCB0842DC0CBDF /* Frameworks */,
			);
			sourceTree = "<group>";
		};
		D51E48B21E155354002D1B9F /* Products */ = {
			isa = PBXGroup;
			children = (
				D51E48B11E155354002D1B9F /* SideMenuControllerDemo.app */,
			);
			name = Products;
			sourceTree = "<group>";
		};
		D51E48B31E155354002D1B9F /* SideMenuControllerDemo */ = {
			isa = PBXGroup;
			children = (
				D51E48B41E155354002D1B9F /* AppDelegate.swift */,
				D51E48B61E155354002D1B9F /* ViewController.swift */,
				D51E48B81E155354002D1B9F /* Main.storyboard */,
				D51E48BB1E155354002D1B9F /* Assets.xcassets */,
				D51E48BD1E155354002D1B9F /* LaunchScreen.storyboard */,
				D51E48C01E155354002D1B9F /* Info.plist */,
			);
			path = SideMenuControllerDemo;
			sourceTree = "<group>";
		};
/* End PBXGroup section */

/* Begin PBXNativeTarget section */
		D51E48B01E155354002D1B9F /* SideMenuControllerDemo */ = {
			isa = PBXNativeTarget;
			buildConfigurationList = D51E48C31E155354002D1B9F /* Build configuration list for PBXNativeTarget "SideMenuControllerDemo" */;
			buildPhases = (
				A7FBE6A92F05B2AFAF9F8BC4 /* [CP] Check Pods Manifest.lock */,
				D51E48AD1E155354002D1B9F /* Sources */,
				D51E48AE1E155354002D1B9F /* Frameworks */,
				D51E48AF1E155354002D1B9F /* Resources */,
				C67E7A3CB8B864B5AA65E57D /* [CP] Embed Pods Frameworks */,
				AF3290CC00666E7549A486CB /* [CP] Copy Pods Resources */,
			);
			buildRules = (
			);
			dependencies = (
			);
			name = SideMenuControllerDemo;
			productName = SideMenuControllerDemo;
			productReference = D51E48B11E155354002D1B9F /* SideMenuControllerDemo.app */;
			productType = "com.apple.product-type.application";
		};
/* End PBXNativeTarget section */

/* Begin PBXProject section */
		D51E48A91E155354002D1B9F /* Project object */ = {
			isa = PBXProject;
			attributes = {
				LastSwiftUpdateCheck = 0820;
				LastUpgradeCheck = 0820;
				ORGANIZATIONNAME = "Lun Sovathana";
				TargetAttributes = {
					D51E48B01E155354002D1B9F = {
						CreatedOnToolsVersion = 8.2.1;
						ProvisioningStyle = Automatic;
					};
				};
			};
			buildConfigurationList = D51E48AC1E155354002D1B9F /* Build configuration list for PBXProject "SideMenuControllerDemo" */;
			compatibilityVersion = "Xcode 3.2";
			developmentRegion = English;
			hasScannedForEncodings = 0;
			knownRegions = (
				en,
				Base,
			);
			mainGroup = D51E48A81E155354002D1B9F;
			productRefGroup = D51E48B21E155354002D1B9F /* Products */;
			projectDirPath = "";
			projectRoot = "";
			targets = (
				D51E48B01E155354002D1B9F /* SideMenuControllerDemo */,
			);
		};
/* End PBXProject section */

/* Begin PBXResourcesBuildPhase section */
		D51E48AF1E155354002D1B9F /* Resources */ = {
			isa = PBXResourcesBuildPhase;
			buildActionMask = 2147483647;
			files = (
				D51E48BF1E155354002D1B9F /* LaunchScreen.storyboard in Resources */,
				D51E48BC1E155354002D1B9F /* Assets.xcassets in Resources */,
				D51E48BA1E155354002D1B9F /* Main.storyboard in Resources */,
			);
			runOnlyForDeploymentPostprocessing = 0;
		};
/* End PBXResourcesBuildPhase section */

/* Begin PBXShellScriptBuildPhase section */
		A7FBE6A92F05B2AFAF9F8BC4 /* [CP] Check Pods Manifest.lock */ = {
			isa = PBXShellScriptBuildPhase;
			buildActionMask = 2147483647;
			files = (
			);
			inputPaths = (
			);
			name = "[CP] Check Pods Manifest.lock";
			outputPaths = (
			);
			runOnlyForDeploymentPostprocessing = 0;
			shellPath = /bin/sh;
			shellScript = "diff \"${PODS_ROOT}/../Podfile.lock\" \"${PODS_ROOT}/Manifest.lock\" > /dev/null\nif [ $? != 0 ] ; then\n    # print error to STDERR\n    echo \"error: The sandbox is not in sync with the Podfile.lock. Run 'pod install' or update your CocoaPods installation.\" >&2\n    exit 1\nfi\n";
			showEnvVarsInLog = 0;
		};
		AF3290CC00666E7549A486CB /* [CP] Copy Pods Resources */ = {
			isa = PBXShellScriptBuildPhase;
			buildActionMask = 2147483647;
			files = (
			);
			inputPaths = (
			);
			name = "[CP] Copy Pods Resources";
			outputPaths = (
			);
			runOnlyForDeploymentPostprocessing = 0;
			shellPath = /bin/sh;
			shellScript = "\"${SRCROOT}/Pods/Target Support Files/Pods-SideMenuControllerDemo/Pods-SideMenuControllerDemo-resources.sh\"\n";
			showEnvVarsInLog = 0;
		};
		C67E7A3CB8B864B5AA65E57D /* [CP] Embed Pods Frameworks */ = {
			isa = PBXShellScriptBuildPhase;
			buildActionMask = 2147483647;
			files = (
			);
			inputPaths = (
			);
			name = "[CP] Embed Pods Frameworks";
			outputPaths = (
			);
			runOnlyForDeploymentPostprocessing = 0;
			shellPath = /bin/sh;
			shellScript = "\"${SRCROOT}/Pods/Target Support Files/Pods-SideMenuControllerDemo/Pods-SideMenuControllerDemo-frameworks.sh\"\n";
			showEnvVarsInLog = 0;
		};
/* End PBXShellScriptBuildPhase section */

/* Begin PBXSourcesBuildPhase section */
		D51E48AD1E155354002D1B9F /* Sources */ = {
			isa = PBXSourcesBuildPhase;
			buildActionMask = 2147483647;
			files = (
				D51E48B71E155354002D1B9F /* ViewController.swift in Sources */,
				D51E48B51E155354002D1B9F /* AppDelegate.swift in Sources */,
			);
			runOnlyForDeploymentPostprocessing = 0;
		};
/* End PBXSourcesBuildPhase section */

/* Begin PBXVariantGroup section */
		D51E48B81E155354002D1B9F /* Main.storyboard */ = {
			isa = PBXVariantGroup;
			children = (
				D51E48B91E155354002D1B9F /* Base */,
			);
			name = Main.storyboard;
			sourceTree = "<group>";
		};
		D51E48BD1E155354002D1B9F /* LaunchScreen.storyboard */ = {
			isa = PBXVariantGroup;
			children = (
				D51E48BE1E155354002D1B9F /* Base */,
			);
			name = LaunchScreen.storyboard;
			sourceTree = "<group>";
		};
/* End PBXVariantGroup section */

/* Begin XCBuildConfiguration section */
		D51E48C11E155354002D1B9F /* Debug */ = {
			isa = XCBuildConfiguration;
			buildSettings = {
				ALWAYS_SEARCH_USER_PATHS = NO;
				CLANG_ANALYZER_NONNULL = YES;
				CLANG_CXX_LANGUAGE_STANDARD = "gnu++0x";
				CLANG_CXX_LIBRARY = "libc++";
				CLANG_ENABLE_MODULES = YES;
				CLANG_ENABLE_OBJC_ARC = YES;
				CLANG_WARN_BOOL_CONVERSION = YES;
				CLANG_WARN_CONSTANT_CONVERSION = YES;
				CLANG_WARN_DIRECT_OBJC_ISA_USAGE = YES_ERROR;
				CLANG_WARN_DOCUMENTATION_COMMENTS = YES;
				CLANG_WARN_EMPTY_BODY = YES;
				CLANG_WARN_ENUM_CONVERSION = YES;
				CLANG_WARN_INFINITE_RECURSION = YES;
				CLANG_WARN_INT_CONVERSION = YES;
				CLANG_WARN_OBJC_ROOT_CLASS = YES_ERROR;
				CLANG_WARN_SUSPICIOUS_MOVE = YES;
				CLANG_WARN_UNREACHABLE_CODE = YES;
				CLANG_WARN__DUPLICATE_METHOD_MATCH = YES;
				"CODE_SIGN_IDENTITY[sdk=iphoneos*]" = "iPhone Developer";
				COPY_PHASE_STRIP = NO;
				DEBUG_INFORMATION_FORMAT = dwarf;
				ENABLE_STRICT_OBJC_MSGSEND = YES;
				ENABLE_TESTABILITY = YES;
				GCC_C_LANGUAGE_STANDARD = gnu99;
				GCC_DYNAMIC_NO_PIC = NO;
				GCC_NO_COMMON_BLOCKS = YES;
				GCC_OPTIMIZATION_LEVEL = 0;
				GCC_PREPROCESSOR_DEFINITIONS = (
					"DEBUG=1",
					"$(inherited)",
				);
				GCC_WARN_64_TO_32_BIT_CONVERSION = YES;
				GCC_WARN_ABOUT_RETURN_TYPE = YES_ERROR;
				GCC_WARN_UNDECLARED_SELECTOR = YES;
				GCC_WARN_UNINITIALIZED_AUTOS = YES_AGGRESSIVE;
				GCC_WARN_UNUSED_FUNCTION = YES;
				GCC_WARN_UNUSED_VARIABLE = YES;
				IPHONEOS_DEPLOYMENT_TARGET = 10.2;
				MTL_ENABLE_DEBUG_INFO = YES;
				ONLY_ACTIVE_ARCH = YES;
				SDKROOT = iphoneos;
				SWIFT_ACTIVE_COMPILATION_CONDITIONS = DEBUG;
				SWIFT_OPTIMIZATION_LEVEL = "-Onone";
				TARGETED_DEVICE_FAMILY = "1,2";
			};
			name = Debug;
		};
		D51E48C21E155354002D1B9F /* Release */ = {
			isa = XCBuildConfiguration;
			buildSettings = {
				ALWAYS_SEARCH_USER_PATHS = NO;
				CLANG_ANALYZER_NONNULL = YES;
				CLANG_CXX_LANGUAGE_STANDARD = "gnu++0x";
				CLANG_CXX_LIBRARY = "libc++";
				CLANG_ENABLE_MODULES = YES;
				CLANG_ENABLE_OBJC_ARC = YES;
				CLANG_WARN_BOOL_CONVERSION = YES;
				CLANG_WARN_CONSTANT_CONVERSION = YES;
				CLANG_WARN_DIRECT_OBJC_ISA_USAGE = YES_ERROR;
				CLANG_WARN_DOCUMENTATION_COMMENTS = YES;
				CLANG_WARN_EMPTY_BODY = YES;
				CLANG_WARN_ENUM_CONVERSION = YES;
				CLANG_WARN_INFINITE_RECURSION = YES;
				CLANG_WARN_INT_CONVERSION = YES;
				CLANG_WARN_OBJC_ROOT_CLASS = YES_ERROR;
				CLANG_WARN_SUSPICIOUS_MOVE = YES;
				CLANG_WARN_UNREACHABLE_CODE = YES;
				CLANG_WARN__DUPLICATE_METHOD_MATCH = YES;
				"CODE_SIGN_IDENTITY[sdk=iphoneos*]" = "iPhone Developer";
				COPY_PHASE_STRIP = NO;
				DEBUG_INFORMATION_FORMAT = "dwarf-with-dsym";
				ENABLE_NS_ASSERTIONS = NO;
				ENABLE_STRICT_OBJC_MSGSEND = YES;
				GCC_C_LANGUAGE_STANDARD = gnu99;
				GCC_NO_COMMON_BLOCKS = YES;
				GCC_WARN_64_TO_32_BIT_CONVERSION = YES;
				GCC_WARN_ABOUT_RETURN_TYPE = YES_ERROR;
				GCC_WARN_UNDECLARED_SELECTOR = YES;
				GCC_WARN_UNINITIALIZED_AUTOS = YES_AGGRESSIVE;
				GCC_WARN_UNUSED_FUNCTION = YES;
				GCC_WARN_UNUSED_VARIABLE = YES;
				IPHONEOS_DEPLOYMENT_TARGET = 10.2;
				MTL_ENABLE_DEBUG_INFO = NO;
				SDKROOT = iphoneos;
				SWIFT_OPTIMIZATION_LEVEL = "-Owholemodule";
				TARGETED_DEVICE_FAMILY = "1,2";
				VALIDATE_PRODUCT = YES;
			};
			name = Release;
		};
		D51E48C41E155354002D1B9F /* Debug */ = {
			isa = XCBuildConfiguration;
			baseConfigurationReference = 8C66A085DC2A49750C9CB203 /* Pods-SideMenuControllerDemo.debug.xcconfig */;
			buildSettings = {
				ASSETCATALOG_COMPILER_APPICON_NAME = AppIcon;
				INFOPLIST_FILE = SideMenuControllerDemo/Info.plist;
				LD_RUNPATH_SEARCH_PATHS = "$(inherited) @executable_path/Frameworks";
				PRODUCT_BUNDLE_IDENTIFIER = com.lst.SideMenuControllerDemo;
				PRODUCT_NAME = "$(TARGET_NAME)";
				SWIFT_VERSION = 3.0;
			};
			name = Debug;
		};
		D51E48C51E155354002D1B9F /* Release */ = {
			isa = XCBuildConfiguration;
			baseConfigurationReference = 5E4D3FEACC26871200C5A60B /* Pods-SideMenuControllerDemo.release.xcconfig */;
			buildSettings = {
				ASSETCATALOG_COMPILER_APPICON_NAME = AppIcon;
				INFOPLIST_FILE = SideMenuControllerDemo/Info.plist;
				LD_RUNPATH_SEARCH_PATHS = "$(inherited) @executable_path/Frameworks";
				PRODUCT_BUNDLE_IDENTIFIER = com.lst.SideMenuControllerDemo;
				PRODUCT_NAME = "$(TARGET_NAME)";
				SWIFT_VERSION = 3.0;
			};
			name = Release;
		};
/* End XCBuildConfiguration section */

/* Begin XCConfigurationList section */
		D51E48AC1E155354002D1B9F /* Build configuration list for PBXProject "SideMenuControllerDemo" */ = {
			isa = XCConfigurationList;
			buildConfigurations = (
				D51E48C11E155354002D1B9F /* Debug */,
				D51E48C21E155354002D1B9F /* Release */,
			);
			defaultConfigurationIsVisible = 0;
			defaultConfigurationName = Release;
		};
		D51E48C31E155354002D1B9F /* Build configuration list for PBXNativeTarget "SideMenuControllerDemo" */ = {
			isa = XCConfigurationList;
			buildConfigurations = (
				D51E48C41E155354002D1B9F /* Debug */,
				D51E48C51E155354002D1B9F /* Release */,
			);
			defaultConfigurationIsVisible = 0;
		};
/* End XCConfigurationList section */
	};
	rootObject = D51E48A91E155354002D1B9F /* Project object */;
}
